
Microsoft Visual Studio Solution File, Format Version 12.00
# Visual Studio Version 17
VisualStudioVersion = 17.1.31903.286
MinimumVisualStudioVersion = 10.0.40219.1
Project("{FAE04EC0-301F-11D3-BF4B-00C04F79EFBC}") = "Pandiet.Android", "Pandiet\Pandiet.Android\Pandiet.Android.csproj", "{4D328C16-7021-4F60-9BCE-8E679E47FCA1}"
EndProject
Project("{FAE04EC0-301F-11D3-BF4B-00C04F79EFBC}") = "Pandiet", "Pandiet\Pandiet\Pandiet.csproj", "{312A5C11-FB08-4F49-B6ED-4927A24E7488}"
EndProject
Global
	GlobalSection(SolutionConfigurationPlatforms) = preSolution
		Debug|Any CPU = Debug|Any CPU
		Release|Any CPU = Release|Any CPU
	EndGlobalSection
	GlobalSection(ProjectConfigurationPlatforms) = postSolution
		{4D328C16-7021-4F60-9BCE-8E679E47FCA1}.Debug|Any CPU.ActiveCfg = Debug|Any CPU
		{4D328C16-7021-4F60-9BCE-8E679E47FCA1}.Debug|Any CPU.Build.0 = Debug|Any CPU
		{4D328C16-7021-4F60-9BCE-8E679E47FCA1}.Debug|Any CPU.Deploy.0 = Debug|Any CPU
		{4D328C16-7021-4F60-9BCE-8E679E47FCA1}.Release|Any CPU.ActiveCfg = Release|Any CPU
		{4D328C16-7021-4F60-9BCE-8E679E47FCA1}.Release|Any CPU.Build.0 = Release|Any CPU
		{4D328C16-7021-4F60-9BCE-8E679E47FCA1}.Release|Any CPU.Deploy.0 = Release|Any CPU
		{312A5C11-FB08-4F49-B6ED-4927A24E7488}.Debug|Any CPU.ActiveCfg = Debug|Any CPU
		{312A5C11-FB08-4F49-B6ED-4927A24E7488}.Debug|Any CPU.Build.0 = Debug|Any CPU
		{312A5C11-FB08-4F49-B6ED-4927A24E7488}.Debug|Any CPU.Deploy.0 = Debug|Any CPU
		{312A5C11-FB08-4F49-B6ED-4927A24E7488}.Release|Any CPU.ActiveCfg = Release|Any CPU
		{312A5C11-FB08-4F49-B6ED-4927A24E7488}.Release|Any CPU.Build.0 = Release|Any CPU
		{312A5C11-FB08-4F49-B6ED-4927A24E7488}.Release|Any CPU.Deploy.0 = Release|Any CPU
	EndGlobalSection
	GlobalSection(SolutionProperties) = preSolution
		HideSolutionNode = FALSE
	EndGlobalSection
	GlobalSection(ExtensibilityGlobals) = postSolution
		SolutionGuid = {5D808E08-8999-4953-AC1A-B212B5EAC2BC}
	EndGlobalSection
EndGlobal
